// !$*UTF8*$!
{
	archiveVersion = 1;
	classes = {
	};
	objectVersion = 48;
	objects = {

/* Begin PBXBuildFile section */
		4A539AE61FEC172B00FDA47C /* README.md in Resources */ = {isa = PBXBuildFile; fileRef = 4A539AE51FEC172B00FDA47C /* README.md */; };
		4AC9D3381FEBE0C800383837 /* AppDelegate.swift in Sources */ = {isa = PBXBuildFile; fileRef = 4AC9D3371FEBE0C800383837 /* AppDelegate.swift */; };
		4AC9D33A1FEBE0C800383837 /* ViewController.swift in Sources */ = {isa = PBXBuildFile; fileRef = 4AC9D3391FEBE0C800383837 /* ViewController.swift */; };
		4AC9D33D1FEBE0C800383837 /* Main.storyboard in Resources */ = {isa = PBXBuildFile; fileRef = 4AC9D33B1FEBE0C800383837 /* Main.storyboard */; };
		4AC9D33F1FEBE0C800383837 /* Assets.xcassets in Resources */ = {isa = PBXBuildFile; fileRef = 4AC9D33E1FEBE0C800383837 /* Assets.xcassets */; };
		4AC9D3421FEBE0C800383837 /* LaunchScreen.storyboard in Resources */ = {isa = PBXBuildFile; fileRef = 4AC9D3401FEBE0C800383837 /* LaunchScreen.storyboard */; };
		50B360A12657C50F00850D5D /* AuthenticationModel.swift in Sources */ = {isa = PBXBuildFile; fileRef = 50B360A02657C50F00850D5D /* AuthenticationModel.swift */; };
		6C174F2E2578DE3000D7A322 /* MessageUI.framework in Frameworks */ = {isa = PBXBuildFile; fileRef = 6C174F2D2578DE3000D7A322 /* MessageUI.framework */; };
		6CB8C05E2566E67A00079792 /* GlobalConfig.swift in Sources */ = {isa = PBXBuildFile; fileRef = 6CB8C05D2566E67900079792 /* GlobalConfig.swift */; };
		6CC4449D256ADF98007288C9 /* VuukleNewViewController.swift in Sources */ = {isa = PBXBuildFile; fileRef = 6CC4449C256ADF98007288C9 /* VuukleNewViewController.swift */; };
		6CCFD368256CFBF6006A832C /* SafariServices.framework in Frameworks */ = {isa = PBXBuildFile; fileRef = 6CCFD367256CFBF6006A832C /* SafariServices.framework */; };
/* End PBXBuildFile section */

/* Begin PBXFileReference section */
		4A539AE51FEC172B00FDA47C /* README.md */ = {isa = PBXFileReference; lastKnownFileType = net.daringfireball.markdown; path = README.md; sourceTree = "<group>"; };
		4AC9D3341FEBE0C800383837 /* VukkleExample.app */ = {isa = PBXFileReference; explicitFileType = wrapper.application; includeInIndex = 0; path = VukkleExample.app; sourceTree = BUILT_PRODUCTS_DIR; };
		4AC9D3371FEBE0C800383837 /* AppDelegate.swift */ = {isa = PBXFileReference; lastKnownFileType = sourcecode.swift; path = AppDelegate.swift; sourceTree = "<group>"; };
		4AC9D3391FEBE0C800383837 /* ViewController.swift */ = {isa = PBXFileReference; lastKnownFileType = sourcecode.swift; path = ViewController.swift; sourceTree = "<group>"; };
		4AC9D33C1FEBE0C800383837 /* Base */ = {isa = PBXFileReference; lastKnownFileType = file.storyboard; name = Base; path = Base.lproj/Main.storyboard; sourceTree = "<group>"; };
		4AC9D33E1FEBE0C800383837 /* Assets.xcassets */ = {isa = PBXFileReference; lastKnownFileType = folder.assetcatalog; path = Assets.xcassets; sourceTree = "<group>"; };
		4AC9D3411FEBE0C800383837 /* Base */ = {isa = PBXFileReference; lastKnownFileType = file.storyboard; name = Base; path = Base.lproj/LaunchScreen.storyboard; sourceTree = "<group>"; };
		4AC9D3431FEBE0C800383837 /* Info.plist */ = {isa = PBXFileReference; lastKnownFileType = text.plist.xml; path = Info.plist; sourceTree = "<group>"; };
		50B360A02657C50F00850D5D /* AuthenticationModel.swift */ = {isa = PBXFileReference; lastKnownFileType = sourcecode.swift; path = AuthenticationModel.swift; sourceTree = "<group>"; };
		6C174F2D2578DE3000D7A322 /* MessageUI.framework */ = {isa = PBXFileReference; lastKnownFileType = wrapper.framework; name = MessageUI.framework; path = System/Library/Frameworks/MessageUI.framework; sourceTree = SDKROOT; };
		6CB8C05D2566E67900079792 /* GlobalConfig.swift */ = {isa = PBXFileReference; lastKnownFileType = sourcecode.swift; path = GlobalConfig.swift; sourceTree = "<group>"; };
		6CC4449C256ADF98007288C9 /* VuukleNewViewController.swift */ = {isa = PBXFileReference; lastKnownFileType = sourcecode.swift; path = VuukleNewViewController.swift; sourceTree = "<group>"; };
		6CCFD367256CFBF6006A832C /* SafariServices.framework */ = {isa = PBXFileReference; lastKnownFileType = wrapper.framework; name = SafariServices.framework; path = System/Library/Frameworks/SafariServices.framework; sourceTree = SDKROOT; };
/* End PBXFileReference section */

/* Begin PBXFrameworksBuildPhase section */
		4AC9D3311FEBE0C800383837 /* Frameworks */ = {
			isa = PBXFrameworksBuildPhase;
			buildActionMask = 2147483647;
			files = (
				6C174F2E2578DE3000D7A322 /* MessageUI.framework in Frameworks */,
				6CCFD368256CFBF6006A832C /* SafariServices.framework in Frameworks */,
			);
			runOnlyForDeploymentPostprocessing = 0;
		};
/* End PBXFrameworksBuildPhase section */

/* Begin PBXGroup section */
		4AC9D32B1FEBE0C800383837 = {
			isa = PBXGroup;
			children = (
				4A539AE51FEC172B00FDA47C /* README.md */,
				4AC9D3361FEBE0C800383837 /* VukkleExample */,
				4AC9D3351FEBE0C800383837 /* Products */,
				6CCFD366256CFBF6006A832C /* Frameworks */,
			);
			sourceTree = "<group>";
		};
		4AC9D3351FEBE0C800383837 /* Products */ = {
			isa = PBXGroup;
			children = (
				4AC9D3341FEBE0C800383837 /* VukkleExample.app */,
			);
			name = Products;
			sourceTree = "<group>";
		};
		4AC9D3361FEBE0C800383837 /* VukkleExample */ = {
			isa = PBXGroup;
			children = (
				4AC9D3371FEBE0C800383837 /* AppDelegate.swift */,
				4AC9D3391FEBE0C800383837 /* ViewController.swift */,
				4AC9D33B1FEBE0C800383837 /* Main.storyboard */,
				4AC9D33E1FEBE0C800383837 /* Assets.xcassets */,
				4AC9D3401FEBE0C800383837 /* LaunchScreen.storyboard */,
				4AC9D3431FEBE0C800383837 /* Info.plist */,
				6CB8C05D2566E67900079792 /* GlobalConfig.swift */,
				6CC4449C256ADF98007288C9 /* VuukleNewViewController.swift */,
				50B360A02657C50F00850D5D /* AuthenticationModel.swift */,
			);
			path = VukkleExample;
			sourceTree = "<group>";
		};
		6CCFD366256CFBF6006A832C /* Frameworks */ = {
			isa = PBXGroup;
			children = (
				6C174F2D2578DE3000D7A322 /* MessageUI.framework */,
				6CCFD367256CFBF6006A832C /* SafariServices.framework */,
			);
			name = Frameworks;
			sourceTree = "<group>";
		};
/* End PBXGroup section */

/* Begin PBXNativeTarget section */
		4AC9D3331FEBE0C800383837 /* VukkleExample */ = {
			isa = PBXNativeTarget;
			buildConfigurationList = 4AC9D3461FEBE0C800383837 /* Build configuration list for PBXNativeTarget "VukkleExample" */;
			buildPhases = (
				4AC9D3301FEBE0C800383837 /* Sources */,
				4AC9D3311FEBE0C800383837 /* Frameworks */,
				4AC9D3321FEBE0C800383837 /* Resources */,
			);
			buildRules = (
			);
			dependencies = (
			);
			name = VukkleExample;
			productName = VukkleExample;
			productReference = 4AC9D3341FEBE0C800383837 /* VukkleExample.app */;
			productType = "com.apple.product-type.application";
		};
/* End PBXNativeTarget section */

/* Begin PBXProject section */
		4AC9D32C1FEBE0C800383837 /* Project object */ = {
			isa = PBXProject;
			attributes = {
				LastSwiftUpdateCheck = 0920;
				LastUpgradeCheck = 0920;
				ORGANIZATIONNAME = MAC_7;
				TargetAttributes = {
					4AC9D3331FEBE0C800383837 = {
						CreatedOnToolsVersion = 9.2;
						ProvisioningStyle = Automatic;
					};
				};
			};
			buildConfigurationList = 4AC9D32F1FEBE0C800383837 /* Build configuration list for PBXProject "VukkleExample" */;
			compatibilityVersion = "Xcode 8.0";
			developmentRegion = en;
			hasScannedForEncodings = 0;
			knownRegions = (
				en,
				Base,
			);
			mainGroup = 4AC9D32B1FEBE0C800383837;
			productRefGroup = 4AC9D3351FEBE0C800383837 /* Products */;
			projectDirPath = "";
			projectRoot = "";
			targets = (
				4AC9D3331FEBE0C800383837 /* VukkleExample */,
			);
		};
/* End PBXProject section */

/* Begin PBXResourcesBuildPhase section */
		4AC9D3321FEBE0C800383837 /* Resources */ = {
			isa = PBXResourcesBuildPhase;
			buildActionMask = 2147483647;
			files = (
				4AC9D3421FEBE0C800383837 /* LaunchScreen.storyboard in Resources */,
				4AC9D33F1FEBE0C800383837 /* Assets.xcassets in Resources */,
				4A539AE61FEC172B00FDA47C /* README.md in Resources */,
				4AC9D33D1FEBE0C800383837 /* Main.storyboard in Resources */,
			);
			runOnlyForDeploymentPostprocessing = 0;
		};
/* End PBXResourcesBuildPhase section */

/* Begin PBXSourcesBuildPhase section */
		4AC9D3301FEBE0C800383837 /* Sources */ = {
			isa = PBXSourcesBuildPhase;
			buildActionMask = 2147483647;
			files = (
				6CC4449D256ADF98007288C9 /* VuukleNewViewController.swift in Sources */,
				50B360A12657C50F00850D5D /* AuthenticationModel.swift in Sources */,
				4AC9D33A1FEBE0C800383837 /* ViewController.swift in Sources */,
				4AC9D3381FEBE0C800383837 /* AppDelegate.swift in Sources */,
				6CB8C05E2566E67A00079792 /* GlobalConfig.swift in Sources */,
			);
			runOnlyForDeploymentPostprocessing = 0;
		};
/* End PBXSourcesBuildPhase section */

/* Begin PBXVariantGroup section */
		4AC9D33B1FEBE0C800383837 /* Main.storyboard */ = {
			isa = PBXVariantGroup;
			children = (
				4AC9D33C1FEBE0C800383837 /* Base */,
			);
			name = Main.storyboard;
			sourceTree = "<group>";
		};
		4AC9D3401FEBE0C800383837 /* LaunchScreen.storyboard */ = {
			isa = PBXVariantGroup;
			children = (
				4AC9D3411FEBE0C800383837 /* Base */,
			);
			name = LaunchScreen.storyboard;
			sourceTree = "<group>";
		};
/* End PBXVariantGroup section */

/* Begin XCBuildConfiguration section */
		4AC9D3441FEBE0C800383837 /* Debug */ = {
			isa = XCBuildConfiguration;
			buildSettings = {
				ALWAYS_SEARCH_USER_PATHS = NO;
				CLANG_ANALYZER_NONNULL = YES;
				CLANG_ANALYZER_NUMBER_OBJECT_CONVERSION = YES_AGGRESSIVE;
				CLANG_CXX_LANGUAGE_STANDARD = "gnu++14";
				CLANG_CXX_LIBRARY = "libc++";
				CLANG_ENABLE_MODULES = YES;
				CLANG_ENABLE_OBJC_ARC = YES;
				CLANG_WARN_BLOCK_CAPTURE_AUTORELEASING = YES;
				CLANG_WARN_BOOL_CONVERSION = YES;
				CLANG_WARN_COMMA = YES;
				CLANG_WARN_CONSTANT_CONVERSION = YES;
				CLANG_WARN_DIRECT_OBJC_ISA_USAGE = YES_ERROR;
				CLANG_WARN_DOCUMENTATION_COMMENTS = YES;
				CLANG_WARN_EMPTY_BODY = YES;
				CLANG_WARN_ENUM_CONVERSION = YES;
				CLANG_WARN_INFINITE_RECURSION = YES;
				CLANG_WARN_INT_CONVERSION = YES;
				CLANG_WARN_NON_LITERAL_NULL_CONVERSION = YES;
				CLANG_WARN_OBJC_LITERAL_CONVERSION = YES;
				CLANG_WARN_OBJC_ROOT_CLASS = YES_ERROR;
				CLANG_WARN_RANGE_LOOP_ANALYSIS = YES;
				CLANG_WARN_STRICT_PROTOTYPES = YES;
				CLANG_WARN_SUSPICIOUS_MOVE = YES;
				CLANG_WARN_UNGUARDED_AVAILABILITY = YES_AGGRESSIVE;
				CLANG_WARN_UNREACHABLE_CODE = YES;
				CLANG_WARN__DUPLICATE_METHOD_MATCH = YES;
				CODE_SIGN_IDENTITY = "iPhone Developer";
				COPY_PHASE_STRIP = NO;
				DEBUG_INFORMATION_FORMAT = dwarf;
				ENABLE_STRICT_OBJC_MSGSEND = YES;
				ENABLE_TESTABILITY = YES;
				GCC_C_LANGUAGE_STANDARD = gnu11;
				GCC_DYNAMIC_NO_PIC = NO;
				GCC_NO_COMMON_BLOCKS = YES;
				GCC_OPTIMIZATION_LEVEL = 0;
				GCC_PREPROCESSOR_DEFINITIONS = (
					"DEBUG=1",
					"$(inherited)",
				);
				GCC_WARN_64_TO_32_BIT_CONVERSION = YES;
				GCC_WARN_ABOUT_RETURN_TYPE = YES_ERROR;
				GCC_WARN_UNDECLARED_SELECTOR = YES;
				GCC_WARN_UNINITIALIZED_AUTOS = YES_AGGRESSIVE;
				GCC_WARN_UNUSED_FUNCTION = YES;
				GCC_WARN_UNUSED_VARIABLE = YES;
				IPHONEOS_DEPLOYMENT_TARGET = 11.2;
				MTL_ENABLE_DEBUG_INFO = YES;
				ONLY_ACTIVE_ARCH = YES;
				SDKROOT = iphoneos;
				SWIFT_ACTIVE_COMPILATION_CONDITIONS = DEBUG;
				SWIFT_OPTIMIZATION_LEVEL = "-Onone";
			};
			name = Debug;
		};
		4AC9D3451FEBE0C800383837 /* Release */ = {
			isa = XCBuildConfiguration;
			buildSettings = {
				ALWAYS_SEARCH_USER_PATHS = NO;
				CLANG_ANALYZER_NONNULL = YES;
				CLANG_ANALYZER_NUMBER_OBJECT_CONVERSION = YES_AGGRESSIVE;
				CLANG_CXX_LANGUAGE_STANDARD = "gnu++14";
				CLANG_CXX_LIBRARY = "libc++";
				CLANG_ENABLE_MODULES = YES;
				CLANG_ENABLE_OBJC_ARC = YES;
				CLANG_WARN_BLOCK_CAPTURE_AUTORELEASING = YES;
				CLANG_WARN_BOOL_CONVERSION = YES;
				CLANG_WARN_COMMA = YES;
				CLANG_WARN_CONSTANT_CONVERSION = YES;
				CLANG_WARN_DIRECT_OBJC_ISA_USAGE = YES_ERROR;
				CLANG_WARN_DOCUMENTATION_COMMENTS = YES;
				CLANG_WARN_EMPTY_BODY = YES;
				CLANG_WARN_ENUM_CONVERSION = YES;
				CLANG_WARN_INFINITE_RECURSION = YES;
				CLANG_WARN_INT_CONVERSION = YES;
				CLANG_WARN_NON_LITERAL_NULL_CONVERSION = YES;
				CLANG_WARN_OBJC_LITERAL_CONVERSION = YES;
				CLANG_WARN_OBJC_ROOT_CLASS = YES_ERROR;
				CLANG_WARN_RANGE_LOOP_ANALYSIS = YES;
				CLANG_WARN_STRICT_PROTOTYPES = YES;
				CLANG_WARN_SUSPICIOUS_MOVE = YES;
				CLANG_WARN_UNGUARDED_AVAILABILITY = YES_AGGRESSIVE;
				CLANG_WARN_UNREACHABLE_CODE = YES;
				CLANG_WARN__DUPLICATE_METHOD_MATCH = YES;
				CODE_SIGN_IDENTITY = "iPhone Developer";
				COPY_PHASE_STRIP = NO;
				DEBUG_INFORMATION_FORMAT = "dwarf-with-dsym";
				ENABLE_NS_ASSERTIONS = NO;
				ENABLE_STRICT_OBJC_MSGSEND = YES;
				GCC_C_LANGUAGE_STANDARD = gnu11;
				GCC_NO_COMMON_BLOCKS = YES;
				GCC_WARN_64_TO_32_BIT_CONVERSION = YES;
				GCC_WARN_ABOUT_RETURN_TYPE = YES_ERROR;
				GCC_WARN_UNDECLARED_SELECTOR = YES;
				GCC_WARN_UNINITIALIZED_AUTOS = YES_AGGRESSIVE;
				GCC_WARN_UNUSED_FUNCTION = YES;
				GCC_WARN_UNUSED_VARIABLE = YES;
				IPHONEOS_DEPLOYMENT_TARGET = 11.2;
				MTL_ENABLE_DEBUG_INFO = NO;
				SDKROOT = iphoneos;
				SWIFT_OPTIMIZATION_LEVEL = "-Owholemodule";
				VALIDATE_PRODUCT = YES;
			};
			name = Release;
		};
		4AC9D3471FEBE0C800383837 /* Debug */ = {
			isa = XCBuildConfiguration;
			buildSettings = {
				ASSETCATALOG_COMPILER_APPICON_NAME = AppIcon;
				CODE_SIGN_IDENTITY = "Apple Development";
				CODE_SIGN_STYLE = Automatic;
				CURRENT_PROJECT_VERSION = 10;
				DEVELOPMENT_TEAM = X3VVWK6698;
				INFOPLIST_FILE = VukkleExample/Info.plist;
				IPHONEOS_DEPLOYMENT_TARGET = 10.0;
				LD_RUNPATH_SEARCH_PATHS = "$(inherited) @executable_path/Frameworks";
				PRODUCT_BUNDLE_IDENTIFIER = com.dgsWildCard.VukkleExample2;
				PRODUCT_NAME = "$(TARGET_NAME)";
				PROVISIONING_PROFILE_SPECIFIER = "";
				SWIFT_VERSION = 4.0;
				TARGETED_DEVICE_FAMILY = "1,2";
			};
			name = Debug;
		};
		4AC9D3481FEBE0C800383837 /* Release */ = {
			isa = XCBuildConfiguration;
			buildSettings = {
				ASSETCATALOG_COMPILER_APPICON_NAME = AppIcon;
				CODE_SIGN_IDENTITY = "Apple Development";
				CODE_SIGN_STYLE = Automatic;
				CURRENT_PROJECT_VERSION = 10;
				DEVELOPMENT_TEAM = X3VVWK6698;
				INFOPLIST_FILE = VukkleExample/Info.plist;
				IPHONEOS_DEPLOYMENT_TARGET = 10.0;
				LD_RUNPATH_SEARCH_PATHS = "$(inherited) @executable_path/Frameworks";
				PRODUCT_BUNDLE_IDENTIFIER = com.dgsWildCard.VukkleExample2;
				PRODUCT_NAME = "$(TARGET_NAME)";
				PROVISIONING_PROFILE_SPECIFIER = "";
				SWIFT_VERSION = 4.0;
				TARGETED_DEVICE_FAMILY = "1,2";
			};
			name = Release;
		};
/* End XCBuildConfiguration section */

/* Begin XCConfigurationList section */
		4AC9D32F1FEBE0C800383837 /* Build configuration list for PBXProject "VukkleExample" */ = {
			isa = XCConfigurationList;
			buildConfigurations = (
				4AC9D3441FEBE0C800383837 /* Debug */,
				4AC9D3451FEBE0C800383837 /* Release */,
			);
			defaultConfigurationIsVisible = 0;
			defaultConfigurationName = Release;
		};
		4AC9D3461FEBE0C800383837 /* Build configuration list for PBXNativeTarget "VukkleExample" */ = {
			isa = XCConfigurationList;
			buildConfigurations = (
				4AC9D3471FEBE0C800383837 /* Debug */,
				4AC9D3481FEBE0C800383837 /* Release */,
			);
			defaultConfigurationIsVisible = 0;
			defaultConfigurationName = Release;
		};
/* End XCConfigurationList section */
	};
	rootObject = 4AC9D32C1FEBE0C800383837 /* Project object */;
}
