// !$*UTF8*$!
{
	archiveVersion = 1;
	classes = {
	};
	objectVersion = 46;
	objects = {

/* Begin PBXBuildFile section */
		04AE5B6E1D8FEB530074E991 /* AddComment.swift in Sources */ = {isa = PBXBuildFile; fileRef = 04AE5B6D1D8FEB530074E991 /* AddComment.swift */; };
		04AE5B701D8FEB650074E991 /* AddCommentCell.swift in Sources */ = {isa = PBXBuildFile; fileRef = 04AE5B6F1D8FEB650074E991 /* AddCommentCell.swift */; };
		04AE5B721D8FEB6B0074E991 /* AddReply.swift in Sources */ = {isa = PBXBuildFile; fileRef = 04AE5B711D8FEB6B0074E991 /* AddReply.swift */; };
		04AE5B741D8FEB720074E991 /* AppDelegate.swift in Sources */ = {isa = PBXBuildFile; fileRef = 04AE5B731D8FEB720074E991 /* AppDelegate.swift */; };
		04AE5B761D8FEB780074E991 /* CellForRowAtIndex.swift in Sources */ = {isa = PBXBuildFile; fileRef = 04AE5B751D8FEB780074E991 /* CellForRowAtIndex.swift */; };
		04AE5B781D8FEB7E0074E991 /* Comment.swift in Sources */ = {isa = PBXBuildFile; fileRef = 04AE5B771D8FEB7E0074E991 /* Comment.swift */; };
		04AE5B7A1D8FEB840074E991 /* CommentCell.swift in Sources */ = {isa = PBXBuildFile; fileRef = 04AE5B791D8FEB840074E991 /* CommentCell.swift */; };
		04AE5B7C1D8FEB970074E991 /* CommentsBuilder.swift in Sources */ = {isa = PBXBuildFile; fileRef = 04AE5B7B1D8FEB970074E991 /* CommentsBuilder.swift */; };
		04AE5B7E1D8FEB9C0074E991 /* CommentViewController.swift in Sources */ = {isa = PBXBuildFile; fileRef = 04AE5B7D1D8FEB9C0074E991 /* CommentViewController.swift */; };
		04AE5B801D8FEBAF0074E991 /* ContentWebViewCell.swift in Sources */ = {isa = PBXBuildFile; fileRef = 04AE5B7F1D8FEBAF0074E991 /* ContentWebViewCell.swift */; };
		04AE5B821D8FEBB40074E991 /* EmoteRating.swift in Sources */ = {isa = PBXBuildFile; fileRef = 04AE5B811D8FEBB40074E991 /* EmoteRating.swift */; };
		04AE5B841D8FEBBA0074E991 /* Emoticon.swift in Sources */ = {isa = PBXBuildFile; fileRef = 04AE5B831D8FEBBA0074E991 /* Emoticon.swift */; };
		04AE5B861D8FEBC10074E991 /* EmoticonCell.swift in Sources */ = {isa = PBXBuildFile; fileRef = 04AE5B851D8FEBC10074E991 /* EmoticonCell.swift */; };
		04AE5B881D8FEBC80074E991 /* GetCommentsFeed.swift in Sources */ = {isa = PBXBuildFile; fileRef = 04AE5B871D8FEBC80074E991 /* GetCommentsFeed.swift */; };
		04AE5B8A1D8FEBCE0074E991 /* Global.swift in Sources */ = {isa = PBXBuildFile; fileRef = 04AE5B891D8FEBCE0074E991 /* Global.swift */; };
		04AE5B8C1D8FEBD30074E991 /* LoadMore.swift in Sources */ = {isa = PBXBuildFile; fileRef = 04AE5B8B1D8FEBD30074E991 /* LoadMore.swift */; };
		04AE5B8E1D8FEBD90074E991 /* LoadMoreCell.swift in Sources */ = {isa = PBXBuildFile; fileRef = 04AE5B8D1D8FEBD90074E991 /* LoadMoreCell.swift */; };
		04AE5B901D8FEBDF0074E991 /* MoreView.swift in Sources */ = {isa = PBXBuildFile; fileRef = 04AE5B8F1D8FEBDF0074E991 /* MoreView.swift */; };
		04AE5B921D8FEBEF0074E991 /* NetworkManager.swift in Sources */ = {isa = PBXBuildFile; fileRef = 04AE5B911D8FEBEF0074E991 /* NetworkManager.swift */; };
		04AE5B941D8FEBF70074E991 /* PrivetFunctions.swift in Sources */ = {isa = PBXBuildFile; fileRef = 04AE5B931D8FEBF70074E991 /* PrivetFunctions.swift */; };
		04AE5B961D8FEBFE0074E991 /* ResponseToComment.swift in Sources */ = {isa = PBXBuildFile; fileRef = 04AE5B951D8FEBFE0074E991 /* ResponseToComment.swift */; };
		04AE5B981D8FEC050074E991 /* ResponseToEmoteRating.swift in Sources */ = {isa = PBXBuildFile; fileRef = 04AE5B971D8FEC050074E991 /* ResponseToEmoteRating.swift */; };
		04AE5B9A1D8FEC0B0074E991 /* Saver.swift in Sources */ = {isa = PBXBuildFile; fileRef = 04AE5B991D8FEC0B0074E991 /* Saver.swift */; };
		04AE5B9C1D8FEC310074E991 /* TimeAgo.swift in Sources */ = {isa = PBXBuildFile; fileRef = 04AE5B9B1D8FEC310074E991 /* TimeAgo.swift */; };
		04AE5B9E1D8FEC370074E991 /* TotalCommentsCount.swift in Sources */ = {isa = PBXBuildFile; fileRef = 04AE5B9D1D8FEC370074E991 /* TotalCommentsCount.swift */; };
		04AE5BA01D8FEC410074E991 /* WebView.swift in Sources */ = {isa = PBXBuildFile; fileRef = 04AE5B9F1D8FEC410074E991 /* WebView.swift */; };
		04AE5BA21D8FEC470074E991 /* WebViewCell.swift in Sources */ = {isa = PBXBuildFile; fileRef = 04AE5BA11D8FEC470074E991 /* WebViewCell.swift */; };
		04AE5BBB1D8FEC8D0074E991 /* 122.png in Resources */ = {isa = PBXBuildFile; fileRef = 04AE5BA41D8FEC8C0074E991 /* 122.png */; };
		04AE5BBC1D8FEC8D0074E991 /* AddCommentCell.xib in Resources */ = {isa = PBXBuildFile; fileRef = 04AE5BA51D8FEC8C0074E991 /* AddCommentCell.xib */; };
		04AE5BBD1D8FEC8D0074E991 /* CommentCell.xib in Resources */ = {isa = PBXBuildFile; fileRef = 04AE5BA61D8FEC8C0074E991 /* CommentCell.xib */; };
		04AE5BBE1D8FEC8D0074E991 /* ContentWebViewCell.xib in Resources */ = {isa = PBXBuildFile; fileRef = 04AE5BA71D8FEC8C0074E991 /* ContentWebViewCell.xib */; };
		04AE5BBF1D8FEC8D0074E991 /* EmoticonCell.xib in Resources */ = {isa = PBXBuildFile; fileRef = 04AE5BA81D8FEC8C0074E991 /* EmoticonCell.xib */; };
		04AE5BC01D8FEC8D0074E991 /* facebook.png in Resources */ = {isa = PBXBuildFile; fileRef = 04AE5BA91D8FEC8C0074E991 /* facebook.png */; };
		04AE5BC11D8FEC8D0074E991 /* images.png in Resources */ = {isa = PBXBuildFile; fileRef = 04AE5BAA1D8FEC8C0074E991 /* images.png */; };
		04AE5BC21D8FEC8D0074E991 /* LoadMoreCell.xib in Resources */ = {isa = PBXBuildFile; fileRef = 04AE5BAB1D8FEC8C0074E991 /* LoadMoreCell.xib */; };
		04AE5BC31D8FEC8D0074E991 /* Main.storyboard in Resources */ = {isa = PBXBuildFile; fileRef = 04AE5BAC1D8FEC8C0074E991 /* Main.storyboard */; };
		04AE5BC41D8FEC8D0074E991 /* MoreView.xib in Resources */ = {isa = PBXBuildFile; fileRef = 04AE5BAD1D8FEC8C0074E991 /* MoreView.xib */; };
		04AE5BC51D8FEC8D0074E991 /* non_secure.html in Resources */ = {isa = PBXBuildFile; fileRef = 04AE5BAE1D8FEC8C0074E991 /* non_secure.html */; };
		04AE5BC61D8FEC8D0074E991 /* smile-amused.png in Resources */ = {isa = PBXBuildFile; fileRef = 04AE5BAF1D8FEC8C0074E991 /* smile-amused.png */; };
		04AE5BC71D8FEC8D0074E991 /* smile-angry.png in Resources */ = {isa = PBXBuildFile; fileRef = 04AE5BB01D8FEC8C0074E991 /* smile-angry.png */; };
		04AE5BC81D8FEC8D0074E991 /* smile-excited.png in Resources */ = {isa = PBXBuildFile; fileRef = 04AE5BB11D8FEC8C0074E991 /* smile-excited.png */; };
		04AE5BC91D8FEC8D0074E991 /* smile-happy.png in Resources */ = {isa = PBXBuildFile; fileRef = 04AE5BB21D8FEC8C0074E991 /* smile-happy.png */; };
		04AE5BCA1D8FEC8D0074E991 /* smile-indifferent.png in Resources */ = {isa = PBXBuildFile; fileRef = 04AE5BB31D8FEC8C0074E991 /* smile-indifferent.png */; };
		04AE5BCB1D8FEC8D0074E991 /* smile-sad-full.png in Resources */ = {isa = PBXBuildFile; fileRef = 04AE5BB41D8FEC8D0074E991 /* smile-sad-full.png */; };
		04AE5BCC1D8FEC8D0074E991 /* Solid_gray.png in Resources */ = {isa = PBXBuildFile; fileRef = 04AE5BB51D8FEC8D0074E991 /* Solid_gray.png */; };
		04AE5BCD1D8FEC8D0074E991 /* thumb-down.png in Resources */ = {isa = PBXBuildFile; fileRef = 04AE5BB61D8FEC8D0074E991 /* thumb-down.png */; };
		04AE5BCE1D8FEC8D0074E991 /* thumb-up.png in Resources */ = {isa = PBXBuildFile; fileRef = 04AE5BB71D8FEC8D0074E991 /* thumb-up.png */; };
		04AE5BCF1D8FEC8D0074E991 /* twitter.png in Resources */ = {isa = PBXBuildFile; fileRef = 04AE5BB81D8FEC8D0074E991 /* twitter.png */; };
		04AE5BD01D8FEC8D0074E991 /* vuukle_logo.jpg in Resources */ = {isa = PBXBuildFile; fileRef = 04AE5BB91D8FEC8D0074E991 /* vuukle_logo.jpg */; };
		04AE5BD11D8FEC8D0074E991 /* WebViewCell.xib in Resources */ = {isa = PBXBuildFile; fileRef = 04AE5BBA1D8FEC8D0074E991 /* WebViewCell.xib */; };
		04F08A0E1D952F9700CD08A3 /* Vuukle.h in Headers */ = {isa = PBXBuildFile; fileRef = 04F08A0D1D952F9700CD08A3 /* Vuukle.h */; };
		04F08A101D952FB900CD08A3 /* Info.plist in Resources */ = {isa = PBXBuildFile; fileRef = 04F08A0F1D952FB900CD08A3 /* Info.plist */; };
		04F08A121D95302600CD08A3 /* Vuukle.h in Headers */ = {isa = PBXBuildFile; fileRef = 04F08A111D95302600CD08A3 /* Vuukle.h */; };
/* End PBXBuildFile section */

/* Begin PBXFileReference section */
		04AE5B621D8FEA710074E991 /* Vuukle.framework */ = {isa = PBXFileReference; explicitFileType = wrapper.framework; includeInIndex = 0; path = Vuukle.framework; sourceTree = BUILT_PRODUCTS_DIR; };
		04AE5B6D1D8FEB530074E991 /* AddComment.swift */ = {isa = PBXFileReference; fileEncoding = 4; lastKnownFileType = sourcecode.swift; path = AddComment.swift; sourceTree = "<group>"; };
		04AE5B6F1D8FEB650074E991 /* AddCommentCell.swift */ = {isa = PBXFileReference; fileEncoding = 4; lastKnownFileType = sourcecode.swift; path = AddCommentCell.swift; sourceTree = "<group>"; };
		04AE5B711D8FEB6B0074E991 /* AddReply.swift */ = {isa = PBXFileReference; fileEncoding = 4; lastKnownFileType = sourcecode.swift; path = AddReply.swift; sourceTree = "<group>"; };
		04AE5B731D8FEB720074E991 /* AppDelegate.swift */ = {isa = PBXFileReference; fileEncoding = 4; lastKnownFileType = sourcecode.swift; path = AppDelegate.swift; sourceTree = "<group>"; };
		04AE5B751D8FEB780074E991 /* CellForRowAtIndex.swift */ = {isa = PBXFileReference; fileEncoding = 4; lastKnownFileType = sourcecode.swift; path = CellForRowAtIndex.swift; sourceTree = "<group>"; };
		04AE5B771D8FEB7E0074E991 /* Comment.swift */ = {isa = PBXFileReference; fileEncoding = 4; lastKnownFileType = sourcecode.swift; path = Comment.swift; sourceTree = "<group>"; };
		04AE5B791D8FEB840074E991 /* CommentCell.swift */ = {isa = PBXFileReference; fileEncoding = 4; lastKnownFileType = sourcecode.swift; path = CommentCell.swift; sourceTree = "<group>"; };
		04AE5B7B1D8FEB970074E991 /* CommentsBuilder.swift */ = {isa = PBXFileReference; fileEncoding = 4; lastKnownFileType = sourcecode.swift; path = CommentsBuilder.swift; sourceTree = "<group>"; };
		04AE5B7D1D8FEB9C0074E991 /* CommentViewController.swift */ = {isa = PBXFileReference; fileEncoding = 4; lastKnownFileType = sourcecode.swift; path = CommentViewController.swift; sourceTree = "<group>"; };
		04AE5B7F1D8FEBAF0074E991 /* ContentWebViewCell.swift */ = {isa = PBXFileReference; fileEncoding = 4; lastKnownFileType = sourcecode.swift; path = ContentWebViewCell.swift; sourceTree = "<group>"; };
		04AE5B811D8FEBB40074E991 /* EmoteRating.swift */ = {isa = PBXFileReference; fileEncoding = 4; lastKnownFileType = sourcecode.swift; path = EmoteRating.swift; sourceTree = "<group>"; };
		04AE5B831D8FEBBA0074E991 /* Emoticon.swift */ = {isa = PBXFileReference; fileEncoding = 4; lastKnownFileType = sourcecode.swift; path = Emoticon.swift; sourceTree = "<group>"; };
		04AE5B851D8FEBC10074E991 /* EmoticonCell.swift */ = {isa = PBXFileReference; fileEncoding = 4; lastKnownFileType = sourcecode.swift; path = EmoticonCell.swift; sourceTree = "<group>"; };
		04AE5B871D8FEBC80074E991 /* GetCommentsFeed.swift */ = {isa = PBXFileReference; fileEncoding = 4; lastKnownFileType = sourcecode.swift; path = GetCommentsFeed.swift; sourceTree = "<group>"; };
		04AE5B891D8FEBCE0074E991 /* Global.swift */ = {isa = PBXFileReference; fileEncoding = 4; lastKnownFileType = sourcecode.swift; path = Global.swift; sourceTree = "<group>"; };
		04AE5B8B1D8FEBD30074E991 /* LoadMore.swift */ = {isa = PBXFileReference; fileEncoding = 4; lastKnownFileType = sourcecode.swift; path = LoadMore.swift; sourceTree = "<group>"; };
		04AE5B8D1D8FEBD90074E991 /* LoadMoreCell.swift */ = {isa = PBXFileReference; fileEncoding = 4; lastKnownFileType = sourcecode.swift; path = LoadMoreCell.swift; sourceTree = "<group>"; };
		04AE5B8F1D8FEBDF0074E991 /* MoreView.swift */ = {isa = PBXFileReference; fileEncoding = 4; lastKnownFileType = sourcecode.swift; path = MoreView.swift; sourceTree = "<group>"; };
		04AE5B911D8FEBEF0074E991 /* NetworkManager.swift */ = {isa = PBXFileReference; fileEncoding = 4; lastKnownFileType = sourcecode.swift; path = NetworkManager.swift; sourceTree = "<group>"; };
		04AE5B931D8FEBF70074E991 /* PrivetFunctions.swift */ = {isa = PBXFileReference; fileEncoding = 4; lastKnownFileType = sourcecode.swift; path = PrivetFunctions.swift; sourceTree = "<group>"; };
		04AE5B951D8FEBFE0074E991 /* ResponseToComment.swift */ = {isa = PBXFileReference; fileEncoding = 4; lastKnownFileType = sourcecode.swift; path = ResponseToComment.swift; sourceTree = "<group>"; };
		04AE5B971D8FEC050074E991 /* ResponseToEmoteRating.swift */ = {isa = PBXFileReference; fileEncoding = 4; lastKnownFileType = sourcecode.swift; path = ResponseToEmoteRating.swift; sourceTree = "<group>"; };
		04AE5B991D8FEC0B0074E991 /* Saver.swift */ = {isa = PBXFileReference; fileEncoding = 4; lastKnownFileType = sourcecode.swift; path = Saver.swift; sourceTree = "<group>"; };
		04AE5B9B1D8FEC310074E991 /* TimeAgo.swift */ = {isa = PBXFileReference; fileEncoding = 4; lastKnownFileType = sourcecode.swift; path = TimeAgo.swift; sourceTree = "<group>"; };
		04AE5B9D1D8FEC370074E991 /* TotalCommentsCount.swift */ = {isa = PBXFileReference; fileEncoding = 4; lastKnownFileType = sourcecode.swift; path = TotalCommentsCount.swift; sourceTree = "<group>"; };
		04AE5B9F1D8FEC410074E991 /* WebView.swift */ = {isa = PBXFileReference; fileEncoding = 4; lastKnownFileType = sourcecode.swift; path = WebView.swift; sourceTree = "<group>"; };
		04AE5BA11D8FEC470074E991 /* WebViewCell.swift */ = {isa = PBXFileReference; fileEncoding = 4; lastKnownFileType = sourcecode.swift; path = WebViewCell.swift; sourceTree = "<group>"; };
		04AE5BA41D8FEC8C0074E991 /* 122.png */ = {isa = PBXFileReference; lastKnownFileType = image.png; path = 122.png; sourceTree = "<group>"; };
		04AE5BA51D8FEC8C0074E991 /* AddCommentCell.xib */ = {isa = PBXFileReference; fileEncoding = 4; lastKnownFileType = file.xib; path = AddCommentCell.xib; sourceTree = "<group>"; };
		04AE5BA61D8FEC8C0074E991 /* CommentCell.xib */ = {isa = PBXFileReference; fileEncoding = 4; lastKnownFileType = file.xib; path = CommentCell.xib; sourceTree = "<group>"; };
		04AE5BA71D8FEC8C0074E991 /* ContentWebViewCell.xib */ = {isa = PBXFileReference; fileEncoding = 4; lastKnownFileType = file.xib; path = ContentWebViewCell.xib; sourceTree = "<group>"; };
		04AE5BA81D8FEC8C0074E991 /* EmoticonCell.xib */ = {isa = PBXFileReference; fileEncoding = 4; lastKnownFileType = file.xib; path = EmoticonCell.xib; sourceTree = "<group>"; };
		04AE5BA91D8FEC8C0074E991 /* facebook.png */ = {isa = PBXFileReference; lastKnownFileType = image.png; path = facebook.png; sourceTree = "<group>"; };
		04AE5BAA1D8FEC8C0074E991 /* images.png */ = {isa = PBXFileReference; lastKnownFileType = image.png; path = images.png; sourceTree = "<group>"; };
		04AE5BAB1D8FEC8C0074E991 /* LoadMoreCell.xib */ = {isa = PBXFileReference; fileEncoding = 4; lastKnownFileType = file.xib; path = LoadMoreCell.xib; sourceTree = "<group>"; };
		04AE5BAC1D8FEC8C0074E991 /* Main.storyboard */ = {isa = PBXFileReference; fileEncoding = 4; lastKnownFileType = file.storyboard; path = Main.storyboard; sourceTree = "<group>"; };
		04AE5BAD1D8FEC8C0074E991 /* MoreView.xib */ = {isa = PBXFileReference; fileEncoding = 4; lastKnownFileType = file.xib; path = MoreView.xib; sourceTree = "<group>"; };
		04AE5BAE1D8FEC8C0074E991 /* non_secure.html */ = {isa = PBXFileReference; fileEncoding = 4; lastKnownFileType = text.html; path = non_secure.html; sourceTree = "<group>"; };
		04AE5BAF1D8FEC8C0074E991 /* smile-amused.png */ = {isa = PBXFileReference; lastKnownFileType = image.png; path = "smile-amused.png"; sourceTree = "<group>"; };
		04AE5BB01D8FEC8C0074E991 /* smile-angry.png */ = {isa = PBXFileReference; lastKnownFileType = image.png; path = "smile-angry.png"; sourceTree = "<group>"; };
		04AE5BB11D8FEC8C0074E991 /* smile-excited.png */ = {isa = PBXFileReference; lastKnownFileType = image.png; path = "smile-excited.png"; sourceTree = "<group>"; };
		04AE5BB21D8FEC8C0074E991 /* smile-happy.png */ = {isa = PBXFileReference; lastKnownFileType = image.png; path = "smile-happy.png"; sourceTree = "<group>"; };
		04AE5BB31D8FEC8C0074E991 /* smile-indifferent.png */ = {isa = PBXFileReference; lastKnownFileType = image.png; path = "smile-indifferent.png"; sourceTree = "<group>"; };
		04AE5BB41D8FEC8D0074E991 /* smile-sad-full.png */ = {isa = PBXFileReference; lastKnownFileType = image.png; path = "smile-sad-full.png"; sourceTree = "<group>"; };
		04AE5BB51D8FEC8D0074E991 /* Solid_gray.png */ = {isa = PBXFileReference; lastKnownFileType = image.png; path = Solid_gray.png; sourceTree = "<group>"; };
		04AE5BB61D8FEC8D0074E991 /* thumb-down.png */ = {isa = PBXFileReference; lastKnownFileType = image.png; path = "thumb-down.png"; sourceTree = "<group>"; };
		04AE5BB71D8FEC8D0074E991 /* thumb-up.png */ = {isa = PBXFileReference; lastKnownFileType = image.png; path = "thumb-up.png"; sourceTree = "<group>"; };
		04AE5BB81D8FEC8D0074E991 /* twitter.png */ = {isa = PBXFileReference; lastKnownFileType = image.png; path = twitter.png; sourceTree = "<group>"; };
		04AE5BB91D8FEC8D0074E991 /* vuukle_logo.jpg */ = {isa = PBXFileReference; lastKnownFileType = image.jpeg; path = vuukle_logo.jpg; sourceTree = "<group>"; };
		04AE5BBA1D8FEC8D0074E991 /* WebViewCell.xib */ = {isa = PBXFileReference; fileEncoding = 4; lastKnownFileType = file.xib; path = WebViewCell.xib; sourceTree = "<group>"; };
		04F08A0D1D952F9700CD08A3 /* Vuukle.h */ = {isa = PBXFileReference; fileEncoding = 4; lastKnownFileType = sourcecode.c.h; path = Vuukle.h; sourceTree = "<group>"; };
		04F08A0F1D952FB900CD08A3 /* Info.plist */ = {isa = PBXFileReference; fileEncoding = 4; lastKnownFileType = text.plist.xml; path = Info.plist; sourceTree = "<group>"; };
		04F08A111D95302600CD08A3 /* Vuukle.h */ = {isa = PBXFileReference; fileEncoding = 4; lastKnownFileType = sourcecode.c.h; path = Vuukle.h; sourceTree = "<group>"; };
/* End PBXFileReference section */

/* Begin PBXFrameworksBuildPhase section */
		04AE5B5E1D8FEA710074E991 /* Frameworks */ = {
			isa = PBXFrameworksBuildPhase;
			buildActionMask = 2147483647;
			files = (
			);
			runOnlyForDeploymentPostprocessing = 0;
		};
/* End PBXFrameworksBuildPhase section */

/* Begin PBXGroup section */
		04AE5B581D8FEA710074E991 = {
			isa = PBXGroup;
			children = (
				04AE5B641D8FEA710074E991 /* Vuukle */,
				04AE5B631D8FEA710074E991 /* Products */,
			);
			sourceTree = "<group>";
		};
		04AE5B631D8FEA710074E991 /* Products */ = {
			isa = PBXGroup;
			children = (
				04AE5B621D8FEA710074E991 /* Vuukle.framework */,
			);
			name = Products;
			sourceTree = "<group>";
		};
		04AE5B641D8FEA710074E991 /* Vuukle */ = {
			isa = PBXGroup;
			children = (
				04AE5BA31D8FEC7D0074E991 /* Resourse */,
				04AE5B6D1D8FEB530074E991 /* AddComment.swift */,
				04AE5B6F1D8FEB650074E991 /* AddCommentCell.swift */,
				04AE5B731D8FEB720074E991 /* AppDelegate.swift */,
				04AE5B751D8FEB780074E991 /* CellForRowAtIndex.swift */,
				04AE5B791D8FEB840074E991 /* CommentCell.swift */,
				04AE5B711D8FEB6B0074E991 /* AddReply.swift */,
				04AE5B771D8FEB7E0074E991 /* Comment.swift */,
				04AE5B7D1D8FEB9C0074E991 /* CommentViewController.swift */,
				04AE5B7F1D8FEBAF0074E991 /* ContentWebViewCell.swift */,
				04AE5B7B1D8FEB970074E991 /* CommentsBuilder.swift */,
				04AE5B811D8FEBB40074E991 /* EmoteRating.swift */,
				04AE5B851D8FEBC10074E991 /* EmoticonCell.swift */,
				04AE5B871D8FEBC80074E991 /* GetCommentsFeed.swift */,
				04AE5B891D8FEBCE0074E991 /* Global.swift */,
				04AE5B8D1D8FEBD90074E991 /* LoadMoreCell.swift */,
				04AE5B831D8FEBBA0074E991 /* Emoticon.swift */,
				04AE5B8B1D8FEBD30074E991 /* LoadMore.swift */,
				04AE5B8F1D8FEBDF0074E991 /* MoreView.swift */,
				04AE5B911D8FEBEF0074E991 /* NetworkManager.swift */,
				04AE5B931D8FEBF70074E991 /* PrivetFunctions.swift */,
				04AE5B971D8FEC050074E991 /* ResponseToEmoteRating.swift */,
				04AE5B951D8FEBFE0074E991 /* ResponseToComment.swift */,
				04AE5B991D8FEC0B0074E991 /* Saver.swift */,
				04AE5B9D1D8FEC370074E991 /* TotalCommentsCount.swift */,
				04AE5B9B1D8FEC310074E991 /* TimeAgo.swift */,
				04AE5BA11D8FEC470074E991 /* WebViewCell.swift */,
				04AE5B9F1D8FEC410074E991 /* WebView.swift */,
				04F08A111D95302600CD08A3 /* Vuukle.h */,
				04F08A0F1D952FB900CD08A3 /* Info.plist */,
			);
			path = Vuukle;
			sourceTree = "<group>";
		};
		04AE5BA31D8FEC7D0074E991 /* Resourse */ = {
			isa = PBXGroup;
			children = (
				04F08A0D1D952F9700CD08A3 /* Vuukle.h */,
				04AE5BA41D8FEC8C0074E991 /* 122.png */,
				04AE5BA51D8FEC8C0074E991 /* AddCommentCell.xib */,
				04AE5BA61D8FEC8C0074E991 /* CommentCell.xib */,
				04AE5BA71D8FEC8C0074E991 /* ContentWebViewCell.xib */,
				04AE5BA81D8FEC8C0074E991 /* EmoticonCell.xib */,
				04AE5BA91D8FEC8C0074E991 /* facebook.png */,
				04AE5BAA1D8FEC8C0074E991 /* images.png */,
				04AE5BAB1D8FEC8C0074E991 /* LoadMoreCell.xib */,
				04AE5BAC1D8FEC8C0074E991 /* Main.storyboard */,
				04AE5BAD1D8FEC8C0074E991 /* MoreView.xib */,
				04AE5BAE1D8FEC8C0074E991 /* non_secure.html */,
				04AE5BAF1D8FEC8C0074E991 /* smile-amused.png */,
				04AE5BB01D8FEC8C0074E991 /* smile-angry.png */,
				04AE5BB11D8FEC8C0074E991 /* smile-excited.png */,
				04AE5BB21D8FEC8C0074E991 /* smile-happy.png */,
				04AE5BB31D8FEC8C0074E991 /* smile-indifferent.png */,
				04AE5BB41D8FEC8D0074E991 /* smile-sad-full.png */,
				04AE5BB51D8FEC8D0074E991 /* Solid_gray.png */,
				04AE5BB61D8FEC8D0074E991 /* thumb-down.png */,
				04AE5BB71D8FEC8D0074E991 /* thumb-up.png */,
				04AE5BB81D8FEC8D0074E991 /* twitter.png */,
				04AE5BB91D8FEC8D0074E991 /* vuukle_logo.jpg */,
				04AE5BBA1D8FEC8D0074E991 /* WebViewCell.xib */,
			);
			name = Resourse;
			sourceTree = "<group>";
		};
/* End PBXGroup section */

/* Begin PBXHeadersBuildPhase section */
		04AE5B5F1D8FEA710074E991 /* Headers */ = {
			isa = PBXHeadersBuildPhase;
			buildActionMask = 2147483647;
			files = (
				04F08A121D95302600CD08A3 /* Vuukle.h in Headers */,
				04F08A0E1D952F9700CD08A3 /* Vuukle.h in Headers */,
			);
			runOnlyForDeploymentPostprocessing = 0;
		};
/* End PBXHeadersBuildPhase section */

/* Begin PBXNativeTarget section */
		04AE5B611D8FEA710074E991 /* Vuukle */ = {
			isa = PBXNativeTarget;
			buildConfigurationList = 04AE5B6A1D8FEA710074E991 /* Build configuration list for PBXNativeTarget "Vuukle" */;
			buildPhases = (
				04AE5B5D1D8FEA710074E991 /* Sources */,
				04AE5B5E1D8FEA710074E991 /* Frameworks */,
				04AE5B5F1D8FEA710074E991 /* Headers */,
				04AE5B601D8FEA710074E991 /* Resources */,
			);
			buildRules = (
			);
			dependencies = (
			);
			name = Vuukle;
			productName = Vuukle;
			productReference = 04AE5B621D8FEA710074E991 /* Vuukle.framework */;
			productType = "com.apple.product-type.framework";
		};
/* End PBXNativeTarget section */

/* Begin PBXProject section */
		04AE5B591D8FEA710074E991 /* Project object */ = {
			isa = PBXProject;
			attributes = {
				LastUpgradeCheck = 0800;
				ORGANIZATIONNAME = Midgets;
				TargetAttributes = {
					04AE5B611D8FEA710074E991 = {
						CreatedOnToolsVersion = 8.0;
						DevelopmentTeam = 327RWWLVED;
						LastSwiftMigration = 0800;
						ProvisioningStyle = Automatic;
					};
				};
			};
			buildConfigurationList = 04AE5B5C1D8FEA710074E991 /* Build configuration list for PBXProject "Vuukle" */;
			compatibilityVersion = "Xcode 3.2";
			developmentRegion = English;
			hasScannedForEncodings = 0;
			knownRegions = (
				en,
			);
			mainGroup = 04AE5B581D8FEA710074E991;
			productRefGroup = 04AE5B631D8FEA710074E991 /* Products */;
			projectDirPath = "";
			projectRoot = "";
			targets = (
				04AE5B611D8FEA710074E991 /* Vuukle */,
			);
		};
/* End PBXProject section */

/* Begin PBXResourcesBuildPhase section */
		04AE5B601D8FEA710074E991 /* Resources */ = {
			isa = PBXResourcesBuildPhase;
			buildActionMask = 2147483647;
			files = (
				04AE5BCF1D8FEC8D0074E991 /* twitter.png in Resources */,
				04AE5BBD1D8FEC8D0074E991 /* CommentCell.xib in Resources */,
				04AE5BC41D8FEC8D0074E991 /* MoreView.xib in Resources */,
				04AE5BC01D8FEC8D0074E991 /* facebook.png in Resources */,
				04AE5BBF1D8FEC8D0074E991 /* EmoticonCell.xib in Resources */,
				04AE5BCB1D8FEC8D0074E991 /* smile-sad-full.png in Resources */,
				04AE5BBB1D8FEC8D0074E991 /* 122.png in Resources */,
				04AE5BCD1D8FEC8D0074E991 /* thumb-down.png in Resources */,
				04AE5BC71D8FEC8D0074E991 /* smile-angry.png in Resources */,
				04AE5BC21D8FEC8D0074E991 /* LoadMoreCell.xib in Resources */,
				04AE5BD01D8FEC8D0074E991 /* vuukle_logo.jpg in Resources */,
				04AE5BC81D8FEC8D0074E991 /* smile-excited.png in Resources */,
				04AE5BC11D8FEC8D0074E991 /* images.png in Resources */,
				04AE5BC31D8FEC8D0074E991 /* Main.storyboard in Resources */,
				04AE5BC51D8FEC8D0074E991 /* non_secure.html in Resources */,
				04AE5BCE1D8FEC8D0074E991 /* thumb-up.png in Resources */,
				04AE5BCC1D8FEC8D0074E991 /* Solid_gray.png in Resources */,
				04AE5BC61D8FEC8D0074E991 /* smile-amused.png in Resources */,
				04AE5BBC1D8FEC8D0074E991 /* AddCommentCell.xib in Resources */,
				04AE5BD11D8FEC8D0074E991 /* WebViewCell.xib in Resources */,
				04AE5BCA1D8FEC8D0074E991 /* smile-indifferent.png in Resources */,
				04AE5BBE1D8FEC8D0074E991 /* ContentWebViewCell.xib in Resources */,
				04F08A101D952FB900CD08A3 /* Info.plist in Resources */,
				04AE5BC91D8FEC8D0074E991 /* smile-happy.png in Resources */,
			);
			runOnlyForDeploymentPostprocessing = 0;
		};
/* End PBXResourcesBuildPhase section */

/* Begin PBXSourcesBuildPhase section */
		04AE5B5D1D8FEA710074E991 /* Sources */ = {
			isa = PBXSourcesBuildPhase;
			buildActionMask = 2147483647;
			files = (
				04AE5B921D8FEBEF0074E991 /* NetworkManager.swift in Sources */,
				04AE5B881D8FEBC80074E991 /* GetCommentsFeed.swift in Sources */,
				04AE5B901D8FEBDF0074E991 /* MoreView.swift in Sources */,
				04AE5B741D8FEB720074E991 /* AppDelegate.swift in Sources */,
				04AE5B9E1D8FEC370074E991 /* TotalCommentsCount.swift in Sources */,
				04AE5B781D8FEB7E0074E991 /* Comment.swift in Sources */,
				04AE5B8E1D8FEBD90074E991 /* LoadMoreCell.swift in Sources */,
				04AE5B761D8FEB780074E991 /* CellForRowAtIndex.swift in Sources */,
				04AE5B981D8FEC050074E991 /* ResponseToEmoteRating.swift in Sources */,
				04AE5B941D8FEBF70074E991 /* PrivetFunctions.swift in Sources */,
				04AE5B801D8FEBAF0074E991 /* ContentWebViewCell.swift in Sources */,
				04AE5B861D8FEBC10074E991 /* EmoticonCell.swift in Sources */,
				04AE5B6E1D8FEB530074E991 /* AddComment.swift in Sources */,
				04AE5B701D8FEB650074E991 /* AddCommentCell.swift in Sources */,
				04AE5B8A1D8FEBCE0074E991 /* Global.swift in Sources */,
				04AE5BA01D8FEC410074E991 /* WebView.swift in Sources */,
				04AE5BA21D8FEC470074E991 /* WebViewCell.swift in Sources */,
				04AE5B9C1D8FEC310074E991 /* TimeAgo.swift in Sources */,
				04AE5B7C1D8FEB970074E991 /* CommentsBuilder.swift in Sources */,
				04AE5B841D8FEBBA0074E991 /* Emoticon.swift in Sources */,
				04AE5B721D8FEB6B0074E991 /* AddReply.swift in Sources */,
				04AE5B9A1D8FEC0B0074E991 /* Saver.swift in Sources */,
				04AE5B8C1D8FEBD30074E991 /* LoadMore.swift in Sources */,
				04AE5B961D8FEBFE0074E991 /* ResponseToComment.swift in Sources */,
				04AE5B7A1D8FEB840074E991 /* CommentCell.swift in Sources */,
				04AE5B821D8FEBB40074E991 /* EmoteRating.swift in Sources */,
				04AE5B7E1D8FEB9C0074E991 /* CommentViewController.swift in Sources */,
			);
			runOnlyForDeploymentPostprocessing = 0;
		};
/* End PBXSourcesBuildPhase section */

/* Begin XCBuildConfiguration section */
		04AE5B681D8FEA710074E991 /* Debug */ = {
			isa = XCBuildConfiguration;
			buildSettings = {
				ALWAYS_SEARCH_USER_PATHS = NO;
				CLANG_ANALYZER_NONNULL = YES;
				CLANG_CXX_LANGUAGE_STANDARD = "gnu++0x";
				CLANG_CXX_LIBRARY = "libc++";
				CLANG_ENABLE_MODULES = YES;
				CLANG_ENABLE_OBJC_ARC = YES;
				CLANG_WARN_BOOL_CONVERSION = YES;
				CLANG_WARN_CONSTANT_CONVERSION = YES;
				CLANG_WARN_DIRECT_OBJC_ISA_USAGE = YES_ERROR;
				CLANG_WARN_DOCUMENTATION_COMMENTS = YES;
				CLANG_WARN_EMPTY_BODY = YES;
				CLANG_WARN_ENUM_CONVERSION = YES;
				CLANG_WARN_INFINITE_RECURSION = YES;
				CLANG_WARN_INT_CONVERSION = YES;
				CLANG_WARN_OBJC_ROOT_CLASS = YES_ERROR;
				CLANG_WARN_SUSPICIOUS_MOVES = YES;
				CLANG_WARN_UNREACHABLE_CODE = YES;
				CLANG_WARN__DUPLICATE_METHOD_MATCH = YES;
				"CODE_SIGN_IDENTITY[sdk=iphoneos*]" = "iPhone Developer";
				COPY_PHASE_STRIP = NO;
				CURRENT_PROJECT_VERSION = 1;
				DEBUG_INFORMATION_FORMAT = dwarf;
				ENABLE_STRICT_OBJC_MSGSEND = YES;
				ENABLE_TESTABILITY = YES;
				GCC_C_LANGUAGE_STANDARD = gnu99;
				GCC_DYNAMIC_NO_PIC = NO;
				GCC_NO_COMMON_BLOCKS = YES;
				GCC_OPTIMIZATION_LEVEL = 0;
				GCC_PREPROCESSOR_DEFINITIONS = (
					"DEBUG=1",
					"$(inherited)",
				);
				GCC_WARN_64_TO_32_BIT_CONVERSION = YES;
				GCC_WARN_ABOUT_RETURN_TYPE = YES_ERROR;
				GCC_WARN_UNDECLARED_SELECTOR = YES;
				GCC_WARN_UNINITIALIZED_AUTOS = YES_AGGRESSIVE;
				GCC_WARN_UNUSED_FUNCTION = YES;
				GCC_WARN_UNUSED_VARIABLE = YES;
				IPHONEOS_DEPLOYMENT_TARGET = 10.0;
				MTL_ENABLE_DEBUG_INFO = YES;
				ONLY_ACTIVE_ARCH = YES;
				SDKROOT = iphoneos;
				SWIFT_ACTIVE_COMPILATION_CONDITIONS = DEBUG;
				SWIFT_OPTIMIZATION_LEVEL = "-Onone";
				TARGETED_DEVICE_FAMILY = "1,2";
				VERSIONING_SYSTEM = "apple-generic";
				VERSION_INFO_PREFIX = "";
			};
			name = Debug;
		};
		04AE5B691D8FEA710074E991 /* Release */ = {
			isa = XCBuildConfiguration;
			buildSettings = {
				ALWAYS_SEARCH_USER_PATHS = NO;
				CLANG_ANALYZER_NONNULL = YES;
				CLANG_CXX_LANGUAGE_STANDARD = "gnu++0x";
				CLANG_CXX_LIBRARY = "libc++";
				CLANG_ENABLE_MODULES = YES;
				CLANG_ENABLE_OBJC_ARC = YES;
				CLANG_WARN_BOOL_CONVERSION = YES;
				CLANG_WARN_CONSTANT_CONVERSION = YES;
				CLANG_WARN_DIRECT_OBJC_ISA_USAGE = YES_ERROR;
				CLANG_WARN_DOCUMENTATION_COMMENTS = YES;
				CLANG_WARN_EMPTY_BODY = YES;
				CLANG_WARN_ENUM_CONVERSION = YES;
				CLANG_WARN_INFINITE_RECURSION = YES;
				CLANG_WARN_INT_CONVERSION = YES;
				CLANG_WARN_OBJC_ROOT_CLASS = YES_ERROR;
				CLANG_WARN_SUSPICIOUS_MOVES = YES;
				CLANG_WARN_UNREACHABLE_CODE = YES;
				CLANG_WARN__DUPLICATE_METHOD_MATCH = YES;
				"CODE_SIGN_IDENTITY[sdk=iphoneos*]" = "iPhone Developer";
				COPY_PHASE_STRIP = NO;
				CURRENT_PROJECT_VERSION = 1;
				DEBUG_INFORMATION_FORMAT = "dwarf-with-dsym";
				ENABLE_NS_ASSERTIONS = NO;
				ENABLE_STRICT_OBJC_MSGSEND = YES;
				GCC_C_LANGUAGE_STANDARD = gnu99;
				GCC_NO_COMMON_BLOCKS = YES;
				GCC_WARN_64_TO_32_BIT_CONVERSION = YES;
				GCC_WARN_ABOUT_RETURN_TYPE = YES_ERROR;
				GCC_WARN_UNDECLARED_SELECTOR = YES;
				GCC_WARN_UNINITIALIZED_AUTOS = YES_AGGRESSIVE;
				GCC_WARN_UNUSED_FUNCTION = YES;
				GCC_WARN_UNUSED_VARIABLE = YES;
				IPHONEOS_DEPLOYMENT_TARGET = 10.0;
				MTL_ENABLE_DEBUG_INFO = NO;
				SDKROOT = iphoneos;
				SWIFT_OPTIMIZATION_LEVEL = "-Owholemodule";
				TARGETED_DEVICE_FAMILY = "1,2";
				VALIDATE_PRODUCT = YES;
				VERSIONING_SYSTEM = "apple-generic";
				VERSION_INFO_PREFIX = "";
			};
			name = Release;
		};
		04AE5B6B1D8FEA710074E991 /* Debug */ = {
			isa = XCBuildConfiguration;
			buildSettings = {
				CLANG_ENABLE_MODULES = YES;
				CODE_SIGN_IDENTITY = "";
				DEFINES_MODULE = YES;
				DEVELOPMENT_TEAM = 327RWWLVED;
				DYLIB_COMPATIBILITY_VERSION = 1;
				DYLIB_CURRENT_VERSION = 1;
				DYLIB_INSTALL_NAME_BASE = "@rpath";
				INFOPLIST_FILE = Vuukle/Info.plist;
				INSTALL_PATH = "$(LOCAL_LIBRARY_DIR)/Frameworks";
				LD_RUNPATH_SEARCH_PATHS = "$(inherited) @executable_path/Frameworks @loader_path/Frameworks";
				PRODUCT_BUNDLE_IDENTIFIER = midgets.Vuukle;
				PRODUCT_NAME = "$(TARGET_NAME)";
				SKIP_INSTALL = YES;
				SWIFT_OPTIMIZATION_LEVEL = "-Onone";
				SWIFT_VERSION = 3.0;
			};
			name = Debug;
		};
		04AE5B6C1D8FEA710074E991 /* Release */ = {
			isa = XCBuildConfiguration;
			buildSettings = {
				CLANG_ENABLE_MODULES = YES;
				CODE_SIGN_IDENTITY = "";
				DEFINES_MODULE = YES;
				DEVELOPMENT_TEAM = 327RWWLVED;
				DYLIB_COMPATIBILITY_VERSION = 1;
				DYLIB_CURRENT_VERSION = 1;
				DYLIB_INSTALL_NAME_BASE = "@rpath";
				INFOPLIST_FILE = Vuukle/Info.plist;
				INSTALL_PATH = "$(LOCAL_LIBRARY_DIR)/Frameworks";
				LD_RUNPATH_SEARCH_PATHS = "$(inherited) @executable_path/Frameworks @loader_path/Frameworks";
				PRODUCT_BUNDLE_IDENTIFIER = midgets.Vuukle;
				PRODUCT_NAME = "$(TARGET_NAME)";
				SKIP_INSTALL = YES;
				SWIFT_VERSION = 3.0;
			};
			name = Release;
		};
/* End XCBuildConfiguration section */

/* Begin XCConfigurationList section */
		04AE5B5C1D8FEA710074E991 /* Build configuration list for PBXProject "Vuukle" */ = {
			isa = XCConfigurationList;
			buildConfigurations = (
				04AE5B681D8FEA710074E991 /* Debug */,
				04AE5B691D8FEA710074E991 /* Release */,
			);
			defaultConfigurationIsVisible = 0;
			defaultConfigurationName = Release;
		};
		04AE5B6A1D8FEA710074E991 /* Build configuration list for PBXNativeTarget "Vuukle" */ = {
			isa = XCConfigurationList;
			buildConfigurations = (
				04AE5B6B1D8FEA710074E991 /* Debug */,
				04AE5B6C1D8FEA710074E991 /* Release */,
			);
			defaultConfigurationIsVisible = 0;
			defaultConfigurationName = Release;
		};
/* End XCConfigurationList section */
	};
	rootObject = 04AE5B591D8FEA710074E991 /* Project object */;
}
